
Microsoft Visual Studio Solution File, Format Version 12.00
# Visual Studio Version 16
VisualStudioVersion = 16.0.31313.79
MinimumVisualStudioVersion = 10.0.40219.1
Project("{8BC9CEB8-8B4A-11D0-8D11-00A0C91BC942}") = "Brushes", "Brushes\Brushes.vcxproj", "{378CD572-0FED-446F-A703-B8C85921DAE5}"
EndProject
Global
	GlobalSection(SolutionConfigurationPlatforms) = preSolution
		Debug|x64 = Debug|x64
		Debug|x86 = Debug|x86
		Release|x64 = Release|x64
		Release|x86 = Release|x86
	EndGlobalSection
	GlobalSection(ProjectConfigurationPlatforms) = postSolution
		{378CD572-0FED-446F-A703-B8C85921DAE5}.Debug|x64.ActiveCfg = Debug|x64
		{378CD572-0FED-446F-A703-B8C85921DAE5}.Debug|x64.Build.0 = Debug|x64
		{378CD572-0FED-446F-A703-B8C85921DAE5}.Debug|x86.ActiveCfg = Debug|Win32
		{378CD572-0FED-446F-A703-B8C85921DAE5}.Debug|x86.Build.0 = Debug|Win32
		{378CD572-0FED-446F-A703-B8C85921DAE5}.Release|x64.ActiveCfg = Release|x64
		{378CD572-0FED-446F-A703-B8C85921DAE5}.Release|x64.Build.0 = Release|x64
		{378CD572-0FED-446F-A703-B8C85921DAE5}.Release|x86.ActiveCfg = Release|Win32
		{378CD572-0FED-446F-A703-B8C85921DAE5}.Release|x86.Build.0 = Release|Win32
	EndGlobalSection
	GlobalSection(SolutionProperties) = preSolution
		HideSolutionNode = FALSE
	EndGlobalSection
	GlobalSection(ExtensibilityGlobals) = postSolution
		SolutionGuid = {257642A3-40B6-4A87-B404-9119B41DD881}
	EndGlobalSection
EndGlobal
